
Microsoft Visual Studio Solution File, Format Version 12.00
# Visual Studio Version 17
VisualStudioVersion = 17.3.32901.215
MinimumVisualStudioVersion = 10.0.40219.1
Project("{FAE04EC0-301F-11D3-BF4B-00C04F79EFBC}") = "Sum_of_prime", "Sum_of_prime\Sum_of_prime.csproj", "{EC1A0A58-749B-4A28-B6CB-4C8B9660F055}"
EndProject
Global
	GlobalSection(SolutionConfigurationPlatforms) = preSolution
		Debug|Any CPU = Debug|Any CPU
		Release|Any CPU = Release|Any CPU
	EndGlobalSection
	GlobalSection(ProjectConfigurationPlatforms) = postSolution
		{EC1A0A58-749B-4A28-B6CB-4C8B9660F055}.Debug|Any CPU.ActiveCfg = Debug|Any CPU
		{EC1A0A58-749B-4A28-B6CB-4C8B9660F055}.Debug|Any CPU.Build.0 = Debug|Any CPU
		{EC1A0A58-749B-4A28-B6CB-4C8B9660F055}.Release|Any CPU.ActiveCfg = Release|Any CPU
		{EC1A0A58-749B-4A28-B6CB-4C8B9660F055}.Release|Any CPU.Build.0 = Release|Any CPU
	EndGlobalSection
	GlobalSection(SolutionProperties) = preSolution
		HideSolutionNode = FALSE
	EndGlobalSection
	GlobalSection(ExtensibilityGlobals) = postSolution
		SolutionGuid = {7485B70B-7131-4837-90F1-157AF8CF2733}
	EndGlobalSection
EndGlobal
